
Microsoft Visual Studio Solution File, Format Version 12.00
# Visual Studio Version 16
VisualStudioVersion = 16.0.31515.178
MinimumVisualStudioVersion = 10.0.40219.1
Project("{FAE04EC0-301F-11D3-BF4B-00C04F79EFBC}") = "stack_heap", "stack_heap\stack_heap.csproj", "{80FF15AD-C194-4322-8ACE-FCFCF90AB22D}"
EndProject
Global
	GlobalSection(SolutionConfigurationPlatforms) = preSolution
		Debug|Any CPU = Debug|Any CPU
		Release|Any CPU = Release|Any CPU
	EndGlobalSection
	GlobalSection(ProjectConfigurationPlatforms) = postSolution
		{80FF15AD-C194-4322-8ACE-FCFCF90AB22D}.Debug|Any CPU.ActiveCfg = Debug|Any CPU
		{80FF15AD-C194-4322-8ACE-FCFCF90AB22D}.Debug|Any CPU.Build.0 = Debug|Any CPU
		{80FF15AD-C194-4322-8ACE-FCFCF90AB22D}.Release|Any CPU.ActiveCfg = Release|Any CPU
		{80FF15AD-C194-4322-8ACE-FCFCF90AB22D}.Release|Any CPU.Build.0 = Release|Any CPU
	EndGlobalSection
	GlobalSection(SolutionProperties) = preSolution
		HideSolutionNode = FALSE
	EndGlobalSection
	GlobalSection(ExtensibilityGlobals) = postSolution
		SolutionGuid = {2571D7D2-5DE1-4712-9C84-6A3DA1ACBA95}
	EndGlobalSection
EndGlobal
